
Microsoft Visual Studio Solution File, Format Version 12.00
# Visual Studio Version 16
VisualStudioVersion = 16.0.31624.102
MinimumVisualStudioVersion = 10.0.40219.1
Project("{FAE04EC0-301F-11D3-BF4B-00C04F79EFBC}") = "Pacjenci", "Pacjenci\Pacjenci.csproj", "{2FE04605-3130-4BC2-8726-8613083C7ECF}"
EndProject
Global
	GlobalSection(SolutionConfigurationPlatforms) = preSolution
		Debug|Any CPU = Debug|Any CPU
		Release|Any CPU = Release|Any CPU
	EndGlobalSection
	GlobalSection(ProjectConfigurationPlatforms) = postSolution
		{2FE04605-3130-4BC2-8726-8613083C7ECF}.Debug|Any CPU.ActiveCfg = Debug|Any CPU
		{2FE04605-3130-4BC2-8726-8613083C7ECF}.Debug|Any CPU.Build.0 = Debug|Any CPU
		{2FE04605-3130-4BC2-8726-8613083C7ECF}.Release|Any CPU.ActiveCfg = Release|Any CPU
		{2FE04605-3130-4BC2-8726-8613083C7ECF}.Release|Any CPU.Build.0 = Release|Any CPU
	EndGlobalSection
	GlobalSection(SolutionProperties) = preSolution
		HideSolutionNode = FALSE
	EndGlobalSection
	GlobalSection(ExtensibilityGlobals) = postSolution
		SolutionGuid = {C05CAD12-89FD-47F3-837E-92EABC73C2E0}
	EndGlobalSection
EndGlobal
